
Microsoft Visual Studio Solution File, Format Version 12.00
# Visual Studio Version 16
VisualStudioVersion = 16.0.31702.278
MinimumVisualStudioVersion = 10.0.40219.1
Project("{FAE04EC0-301F-11D3-BF4B-00C04F79EFBC}") = "GenVcard", "GenVcard\GenVcard.csproj", "{A59904F2-F399-44E1-8B15-9F87599AE241}"
EndProject
Global
	GlobalSection(SolutionConfigurationPlatforms) = preSolution
		Debug|Any CPU = Debug|Any CPU
		Release|Any CPU = Release|Any CPU
	EndGlobalSection
	GlobalSection(ProjectConfigurationPlatforms) = postSolution
		{A59904F2-F399-44E1-8B15-9F87599AE241}.Debug|Any CPU.ActiveCfg = Debug|Any CPU
		{A59904F2-F399-44E1-8B15-9F87599AE241}.Debug|Any CPU.Build.0 = Debug|Any CPU
		{A59904F2-F399-44E1-8B15-9F87599AE241}.Release|Any CPU.ActiveCfg = Release|Any CPU
		{A59904F2-F399-44E1-8B15-9F87599AE241}.Release|Any CPU.Build.0 = Release|Any CPU
	EndGlobalSection
	GlobalSection(SolutionProperties) = preSolution
		HideSolutionNode = FALSE
	EndGlobalSection
	GlobalSection(ExtensibilityGlobals) = postSolution
		SolutionGuid = {411058A9-4DE9-403D-ADFA-1A67421006D4}
	EndGlobalSection
EndGlobal
